PODS:
  - Flutter (1.0.0)
  - flutter_custom_camera_pugin (0.0.1):
    - Flutter
  - flutter_fai_webview (0.0.1):
    - Flutter
  - flutter_html_text_plugin (0.0.1):
    - Flutter
  - FMDB (2.7.5):
    - FMDB/standard (= 2.7.5)
  - FMDB/standard (2.7.5)
  - path_provider (0.0.1):
    - Flutter
  - path_provider_linux (0.0.1):
    - Flutter
  - path_provider_macos (0.0.1):
    - Flutter
  - path_provider_windows (0.0.1):
    - Flutter
  - sqflite (0.0.2):
    - Flutter
    - FMDB (>= 2.7.5)

DEPENDENCIES:
  - Flutter (from `Flutter`)
  - flutter_custom_camera_pugin (from `.symlinks/plugins/flutter_custom_camera_pugin/ios`)
  - flutter_fai_webview (from `.symlinks/plugins/flutter_fai_webview/ios`)
  - flutter_html_text_plugin (from `.symlinks/plugins/flutter_html_text_plugin/ios`)
  - path_provider (from `.symlinks/plugins/path_provider/ios`)
  - path_provider_linux (from `.symlinks/plugins/path_provider_linux/ios`)
  - path_provider_macos (from `.symlinks/plugins/path_provider_macos/ios`)
  - path_provider_windows (from `.symlinks/plugins/path_provider_windows/ios`)
  - sqflite (from `.symlinks/plugins/sqflite/ios`)

SPEC REPOS:
  trunk:
    - FMDB

EXTERNAL SOURCES:
  Flutter:
    :path: Flutter
  flutter_custom_camera_pugin:
    :path: ".symlinks/plugins/flutter_custom_camera_pugin/ios"
  flutter_fai_webview:
    :path: ".symlinks/plugins/flutter_fai_webview/ios"
  flutter_html_text_plugin:
    :path: ".symlinks/plugins/flutter_html_text_plugin/ios"
  path_provider:
    :path: ".symlinks/plugins/path_provider/ios"
  path_provider_linux:
    :path: ".symlinks/plugins/path_provider_linux/ios"
  path_provider_macos:
    :path: ".symlinks/plugins/path_provider_macos/ios"
  path_provider_windows:
    :path: ".symlinks/plugins/path_provider_windows/ios"
  sqflite:
    :path: ".symlinks/plugins/sqflite/ios"

SPEC CHECKSUMS:
  Flutter: 0e3d915762c693b495b44d77113d4970485de6ec
  flutter_custom_camera_pugin: 7566d6050ecc4e2b01ef892a0b1a36ee7a2da5d7
  flutter_fai_webview: 7ecaa35047fd557c12e86a698e05fba18f5b25eb
  flutter_html_text_plugin: 17905cfddc60b031f1070418983bb3338c750304
  FMDB: 2ce00b547f966261cd18927a3ddb07cb6f3db82a
  path_provider: abfe2b5c733d04e238b0d8691db0cfd63a27a93c
  path_provider_linux: 4d630dc393e1f20364f3e3b4a2ff41d9674a84e4
  path_provider_macos: f760a3c5b04357c380e2fddb6f9db6f3015897e0
  path_provider_windows: a2b81600c677ac1959367280991971cb9a1edb3b
  sqflite: 6d358c025f5b867b29ed92fc697fd34924e11904

PODFILE CHECKSUM: 61f4c6fa41de8ddcb6ae400bc4a781688f4c5f96

COCOAPODS: 1.9.3
